
Microsoft Visual Studio Solution File, Format Version 12.00
# Visual Studio Version 17
VisualStudioVersion = 17.0.31903.59
MinimumVisualStudioVersion = 10.0.40219.1
Project("{FAE04EC0-301F-11D3-BF4B-00C04F79EFBC}") = "Conditional Compilation", "Conditional Compilation\Conditional Compilation.csproj", "{0839614C-15FD-41ED-96CF-66915605316F}"
EndProject
Project("{FAE04EC0-301F-11D3-BF4B-00C04F79EFBC}") = "Debug and Trace Classes", "Debug and Trace Classes\Debug and Trace Classes.csproj", "{2A710FE1-7086-477E-BFF1-20B16C57A741}"
EndProject
Global
	GlobalSection(SolutionConfigurationPlatforms) = preSolution
		Debug|Any CPU = Debug|Any CPU
		Release|Any CPU = Release|Any CPU
	EndGlobalSection
	GlobalSection(SolutionProperties) = preSolution
		HideSolutionNode = FALSE
	EndGlobalSection
	GlobalSection(ProjectConfigurationPlatforms) = postSolution
		{0839614C-15FD-41ED-96CF-66915605316F}.Debug|Any CPU.ActiveCfg = Debug|Any CPU
		{0839614C-15FD-41ED-96CF-66915605316F}.Debug|Any CPU.Build.0 = Debug|Any CPU
		{0839614C-15FD-41ED-96CF-66915605316F}.Release|Any CPU.ActiveCfg = Release|Any CPU
		{0839614C-15FD-41ED-96CF-66915605316F}.Release|Any CPU.Build.0 = Release|Any CPU
		{2A710FE1-7086-477E-BFF1-20B16C57A741}.Debug|Any CPU.ActiveCfg = Debug|Any CPU
		{2A710FE1-7086-477E-BFF1-20B16C57A741}.Debug|Any CPU.Build.0 = Debug|Any CPU
		{2A710FE1-7086-477E-BFF1-20B16C57A741}.Release|Any CPU.ActiveCfg = Release|Any CPU
		{2A710FE1-7086-477E-BFF1-20B16C57A741}.Release|Any CPU.Build.0 = Release|Any CPU
	EndGlobalSection
EndGlobal
